{
  "name": "browser-games",
  "version": "1.0.0",
  "lockfileVersion": 1,
  "requires": true,
  "dependencies": {
    "random-int": {
      "version": "2.0.1",
      "resolved": "https://registry.npmjs.org/random-int/-/random-int-2.0.1.tgz",
      "integrity": "sha512-YALjWK2Rt9EMIv9BF/3mvlzFWQathsvb5UZmN1QmhfIOfcQYXc/UcLzg0ablqesSBpBVLt2Tlwv/eTuBh4LXUQ=="
    },
    "vue": {
      "version": "2.6.11",
      "resolved": "https://registry.npmjs.org/vue/-/vue-2.6.11.tgz",
      "integrity": "sha512-VfPwgcGABbGAue9+sfrD4PuwFar7gPb1yl1UK1MwXoQPAw0BKSqWfoYCT/ThFrdEVWoI51dBuyCoiNU9bZDZxQ=="
    }
  }
}
